// !$*UTF8*$!
{
	archiveVersion = 1;
	classes = {
	};
	objectVersion = 46;
	objects = {

/* Begin PBXBuildFile section */
		EC7FE0CB1C5ACB2C00A9A581 /* AppDelegate.swift in Sources */ = {isa = PBXBuildFile; fileRef = EC7FE0CA1C5ACB2C00A9A581 /* AppDelegate.swift */; };
		EC7FE0D01C5ACB2C00A9A581 /* Main.storyboard in Resources */ = {isa = PBXBuildFile; fileRef = EC7FE0CE1C5ACB2C00A9A581 /* Main.storyboard */; };
		EC7FE0D21C5ACB2C00A9A581 /* Assets.xcassets in Resources */ = {isa = PBXBuildFile; fileRef = EC7FE0D11C5ACB2C00A9A581 /* Assets.xcassets */; };
		EC7FE0D51C5ACB2C00A9A581 /* LaunchScreen.storyboard in Resources */ = {isa = PBXBuildFile; fileRef = EC7FE0D31C5ACB2C00A9A581 /* LaunchScreen.storyboard */; };
		EC7FE0E01C5ACB2C00A9A581 /* VariablesTests.swift in Sources */ = {isa = PBXBuildFile; fileRef = EC7FE0DF1C5ACB2C00A9A581 /* VariablesTests.swift */; };
		EC7FE0EB1C5ACB2C00A9A581 /* VariablesUITests.swift in Sources */ = {isa = PBXBuildFile; fileRef = EC7FE0EA1C5ACB2C00A9A581 /* VariablesUITests.swift */; };
/* End PBXBuildFile section */

/* Begin PBXContainerItemProxy section */
		EC7FE0DC1C5ACB2C00A9A581 /* PBXContainerItemProxy */ = {
			isa = PBXContainerItemProxy;
			containerPortal = EC7FE0BF1C5ACB2C00A9A581 /* Project object */;
			proxyType = 1;
			remoteGlobalIDString = EC7FE0C61C5ACB2C00A9A581;
			remoteInfo = Variables;
		};
		EC7FE0E71C5ACB2C00A9A581 /* PBXContainerItemProxy */ = {
			isa = PBXContainerItemProxy;
			containerPortal = EC7FE0BF1C5ACB2C00A9A581 /* Project object */;
			proxyType = 1;
			remoteGlobalIDString = EC7FE0C61C5ACB2C00A9A581;
			remoteInfo = Variables;
		};
/* End PBXContainerItemProxy section */

/* Begin PBXFileReference section */
		EC7FE0C71C5ACB2C00A9A581 /* Variables.app */ = {isa = PBXFileReference; explicitFileType = wrapper.application; includeInIndex = 0; path = Variables.app; sourceTree = BUILT_PRODUCTS_DIR; };
		EC7FE0CA1C5ACB2C00A9A581 /* AppDelegate.swift */ = {isa = PBXFileReference; lastKnownFileType = sourcecode.swift; path = AppDelegate.swift; sourceTree = "<group>"; };
		EC7FE0CF1C5ACB2C00A9A581 /* Base */ = {isa = PBXFileReference; lastKnownFileType = file.storyboard; name = Base; path = Base.lproj/Main.storyboard; sourceTree = "<group>"; };
		EC7FE0D11C5ACB2C00A9A581 /* Assets.xcassets */ = {isa = PBXFileReference; lastKnownFileType = folder.assetcatalog; path = Assets.xcassets; sourceTree = "<group>"; };
		EC7FE0D41C5ACB2C00A9A581 /* Base */ = {isa = PBXFileReference; lastKnownFileType = file.storyboard; name = Base; path = Base.lproj/LaunchScreen.storyboard; sourceTree = "<group>"; };
		EC7FE0D61C5ACB2C00A9A581 /* Info.plist */ = {isa = PBXFileReference; lastKnownFileType = text.plist.xml; path = Info.plist; sourceTree = "<group>"; };
		EC7FE0DB1C5ACB2C00A9A581 /* VariablesTests.xctest */ = {isa = PBXFileReference; explicitFileType = wrapper.cfbundle; includeInIndex = 0; path = VariablesTests.xctest; sourceTree = BUILT_PRODUCTS_DIR; };
		EC7FE0DF1C5ACB2C00A9A581 /* VariablesTests.swift */ = {isa = PBXFileReference; lastKnownFileType = sourcecode.swift; path = VariablesTests.swift; sourceTree = "<group>"; };
		EC7FE0E11C5ACB2C00A9A581 /* Info.plist */ = {isa = PBXFileReference; lastKnownFileType = text.plist.xml; path = Info.plist; sourceTree = "<group>"; };
		EC7FE0E61C5ACB2C00A9A581 /* VariablesUITests.xctest */ = {isa = PBXFileReference; explicitFileType = wrapper.cfbundle; includeInIndex = 0; path = VariablesUITests.xctest; sourceTree = BUILT_PRODUCTS_DIR; };
		EC7FE0EA1C5ACB2C00A9A581 /* VariablesUITests.swift */ = {isa = PBXFileReference; lastKnownFileType = sourcecode.swift; path = VariablesUITests.swift; sourceTree = "<group>"; };
		EC7FE0EC1C5ACB2C00A9A581 /* Info.plist */ = {isa = PBXFileReference; lastKnownFileType = text.plist.xml; path = Info.plist; sourceTree = "<group>"; };
/* End PBXFileReference section */

/* Begin PBXFrameworksBuildPhase section */
		EC7FE0C41C5ACB2C00A9A581 /* Frameworks */ = {
			isa = PBXFrameworksBuildPhase;
			buildActionMask = 2147483647;
			files = (
			);
			runOnlyForDeploymentPostprocessing = 0;
		};
		EC7FE0D81C5ACB2C00A9A581 /* Frameworks */ = {
			isa = PBXFrameworksBuildPhase;
			buildActionMask = 2147483647;
			files = (
			);
			runOnlyForDeploymentPostprocessing = 0;
		};
		EC7FE0E31C5ACB2C00A9A581 /* Frameworks */ = {
			isa = PBXFrameworksBuildPhase;
			buildActionMask = 2147483647;
			files = (
			);
			runOnlyForDeploymentPostprocessing = 0;
		};
/* End PBXFrameworksBuildPhase section */

/* Begin PBXGroup section */
		EC7FE0BE1C5ACB2C00A9A581 = {
			isa = PBXGroup;
			children = (
				EC7FE0C91C5ACB2C00A9A581 /* Variables */,
				EC7FE0DE1C5ACB2C00A9A581 /* VariablesTests */,
				EC7FE0E91C5ACB2C00A9A581 /* VariablesUITests */,
				EC7FE0C81C5ACB2C00A9A581 /* Products */,
			);
			sourceTree = "<group>";
		};
		EC7FE0C81C5ACB2C00A9A581 /* Products */ = {
			isa = PBXGroup;
			children = (
				EC7FE0C71C5ACB2C00A9A581 /* Variables.app */,
				EC7FE0DB1C5ACB2C00A9A581 /* VariablesTests.xctest */,
				EC7FE0E61C5ACB2C00A9A581 /* VariablesUITests.xctest */,
			);
			name = Products;
			sourceTree = "<group>";
		};
		EC7FE0C91C5ACB2C00A9A581 /* Variables */ = {
			isa = PBXGroup;
			children = (
				EC7FE0CA1C5ACB2C00A9A581 /* AppDelegate.swift */,
				EC7FE0CE1C5ACB2C00A9A581 /* Main.storyboard */,
				EC7FE0D11C5ACB2C00A9A581 /* Assets.xcassets */,
				EC7FE0D31C5ACB2C00A9A581 /* LaunchScreen.storyboard */,
				EC7FE0D61C5ACB2C00A9A581 /* Info.plist */,
			);
			path = Variables;
			sourceTree = "<group>";
		};
		EC7FE0DE1C5ACB2C00A9A581 /* VariablesTests */ = {
			isa = PBXGroup;
			children = (
				EC7FE0DF1C5ACB2C00A9A581 /* VariablesTests.swift */,
				EC7FE0E11C5ACB2C00A9A581 /* Info.plist */,
			);
			path = VariablesTests;
			sourceTree = "<group>";
		};
		EC7FE0E91C5ACB2C00A9A581 /* VariablesUITests */ = {
			isa = PBXGroup;
			children = (
				EC7FE0EA1C5ACB2C00A9A581 /* VariablesUITests.swift */,
				EC7FE0EC1C5ACB2C00A9A581 /* Info.plist */,
			);
			path = VariablesUITests;
			sourceTree = "<group>";
		};
/* End PBXGroup section */

/* Begin PBXNativeTarget section */
		EC7FE0C61C5ACB2C00A9A581 /* Variables */ = {
			isa = PBXNativeTarget;
			buildConfigurationList = EC7FE0EF1C5ACB2C00A9A581 /* Build configuration list for PBXNativeTarget "Variables" */;
			buildPhases = (
				EC7FE0C31C5ACB2C00A9A581 /* Sources */,
				EC7FE0C41C5ACB2C00A9A581 /* Frameworks */,
				EC7FE0C51C5ACB2C00A9A581 /* Resources */,
			);
			buildRules = (
			);
			dependencies = (
			);
			name = Variables;
			productName = Variables;
			productReference = EC7FE0C71C5ACB2C00A9A581 /* Variables.app */;
			productType = "com.apple.product-type.application";
		};
		EC7FE0DA1C5ACB2C00A9A581 /* VariablesTests */ = {
			isa = PBXNativeTarget;
			buildConfigurationList = EC7FE0F21C5ACB2C00A9A581 /* Build configuration list for PBXNativeTarget "VariablesTests" */;
			buildPhases = (
				EC7FE0D71C5ACB2C00A9A581 /* Sources */,
				EC7FE0D81C5ACB2C00A9A581 /* Frameworks */,
				EC7FE0D91C5ACB2C00A9A581 /* Resources */,
			);
			buildRules = (
			);
			dependencies = (
				EC7FE0DD1C5ACB2C00A9A581 /* PBXTargetDependency */,
			);
			name = VariablesTests;
			productName = VariablesTests;
			productReference = EC7FE0DB1C5ACB2C00A9A581 /* VariablesTests.xctest */;
			productType = "com.apple.product-type.bundle.unit-test";
		};
		EC7FE0E51C5ACB2C00A9A581 /* VariablesUITests */ = {
			isa = PBXNativeTarget;
			buildConfigurationList = EC7FE0F51C5ACB2C00A9A581 /* Build configuration list for PBXNativeTarget "VariablesUITests" */;
			buildPhases = (
				EC7FE0E21C5ACB2C00A9A581 /* Sources */,
				EC7FE0E31C5ACB2C00A9A581 /* Frameworks */,
				EC7FE0E41C5ACB2C00A9A581 /* Resources */,
			);
			buildRules = (
			);
			dependencies = (
				EC7FE0E81C5ACB2C00A9A581 /* PBXTargetDependency */,
			);
			name = VariablesUITests;
			productName = VariablesUITests;
			productReference = EC7FE0E61C5ACB2C00A9A581 /* VariablesUITests.xctest */;
			productType = "com.apple.product-type.bundle.ui-testing";
		};
/* End PBXNativeTarget section */

/* Begin PBXProject section */
		EC7FE0BF1C5ACB2C00A9A581 /* Project object */ = {
			isa = PBXProject;
			attributes = {
				LastSwiftUpdateCheck = 0720;
				LastUpgradeCheck = 0720;
				ORGANIZATIONNAME = "Thawee Techathamnukool";
				TargetAttributes = {
					EC7FE0C61C5ACB2C00A9A581 = {
						CreatedOnToolsVersion = 7.2;
					};
					EC7FE0DA1C5ACB2C00A9A581 = {
						CreatedOnToolsVersion = 7.2;
						TestTargetID = EC7FE0C61C5ACB2C00A9A581;
					};
					EC7FE0E51C5ACB2C00A9A581 = {
						CreatedOnToolsVersion = 7.2;
						TestTargetID = EC7FE0C61C5ACB2C00A9A581;
					};
				};
			};
			buildConfigurationList = EC7FE0C21C5ACB2C00A9A581 /* Build configuration list for PBXProject "Variables" */;
			compatibilityVersion = "Xcode 3.2";
			developmentRegion = English;
			hasScannedForEncodings = 0;
			knownRegions = (
				en,
				Base,
			);
			mainGroup = EC7FE0BE1C5ACB2C00A9A581;
			productRefGroup = EC7FE0C81C5ACB2C00A9A581 /* Products */;
			projectDirPath = "";
			projectRoot = "";
			targets = (
				EC7FE0C61C5ACB2C00A9A581 /* Variables */,
				EC7FE0DA1C5ACB2C00A9A581 /* VariablesTests */,
				EC7FE0E51C5ACB2C00A9A581 /* VariablesUITests */,
			);
		};
/* End PBXProject section */

/* Begin PBXResourcesBuildPhase section */
		EC7FE0C51C5ACB2C00A9A581 /* Resources */ = {
			isa = PBXResourcesBuildPhase;
			buildActionMask = 2147483647;
			files = (
				EC7FE0D51C5ACB2C00A9A581 /* LaunchScreen.storyboard in Resources */,
				EC7FE0D21C5ACB2C00A9A581 /* Assets.xcassets in Resources */,
				EC7FE0D01C5ACB2C00A9A581 /* Main.storyboard in Resources */,
			);
			runOnlyForDeploymentPostprocessing = 0;
		};
		EC7FE0D91C5ACB2C00A9A581 /* Resources */ = {
			isa = PBXResourcesBuildPhase;
			buildActionMask = 2147483647;
			files = (
			);
			runOnlyForDeploymentPostprocessing = 0;
		};
		EC7FE0E41C5ACB2C00A9A581 /* Resources */ = {
			isa = PBXResourcesBuildPhase;
			buildActionMask = 2147483647;
			files = (
			);
			runOnlyForDeploymentPostprocessing = 0;
		};
/* End PBXResourcesBuildPhase section */

/* Begin PBXSourcesBuildPhase section */
		EC7FE0C31C5ACB2C00A9A581 /* Sources */ = {
			isa = PBXSourcesBuildPhase;
			buildActionMask = 2147483647;
			files = (
				EC7FE0CB1C5ACB2C00A9A581 /* AppDelegate.swift in Sources */,
			);
			runOnlyForDeploymentPostprocessing = 0;
		};
		EC7FE0D71C5ACB2C00A9A581 /* Sources */ = {
			isa = PBXSourcesBuildPhase;
			buildActionMask = 2147483647;
			files = (
				EC7FE0E01C5ACB2C00A9A581 /* VariablesTests.swift in Sources */,
			);
			runOnlyForDeploymentPostprocessing = 0;
		};
		EC7FE0E21C5ACB2C00A9A581 /* Sources */ = {
			isa = PBXSourcesBuildPhase;
			buildActionMask = 2147483647;
			files = (
				EC7FE0EB1C5ACB2C00A9A581 /* VariablesUITests.swift in Sources */,
			);
			runOnlyForDeploymentPostprocessing = 0;
		};
/* End PBXSourcesBuildPhase section */

/* Begin PBXTargetDependency section */
		EC7FE0DD1C5ACB2C00A9A581 /* PBXTargetDependency */ = {
			isa = PBXTargetDependency;
			target = EC7FE0C61C5ACB2C00A9A581 /* Variables */;
			targetProxy = EC7FE0DC1C5ACB2C00A9A581 /* PBXContainerItemProxy */;
		};
		EC7FE0E81C5ACB2C00A9A581 /* PBXTargetDependency */ = {
			isa = PBXTargetDependency;
			target = EC7FE0C61C5ACB2C00A9A581 /* Variables */;
			targetProxy = EC7FE0E71C5ACB2C00A9A581 /* PBXContainerItemProxy */;
		};
/* End PBXTargetDependency section */

/* Begin PBXVariantGroup section */
		EC7FE0CE1C5ACB2C00A9A581 /* Main.storyboard */ = {
			isa = PBXVariantGroup;
			children = (
				EC7FE0CF1C5ACB2C00A9A581 /* Base */,
			);
			name = Main.storyboard;
			sourceTree = "<group>";
		};
		EC7FE0D31C5ACB2C00A9A581 /* LaunchScreen.storyboard */ = {
			isa = PBXVariantGroup;
			children = (
				EC7FE0D41C5ACB2C00A9A581 /* Base */,
			);
			name = LaunchScreen.storyboard;
			sourceTree = "<group>";
		};
/* End PBXVariantGroup section */

/* Begin XCBuildConfiguration section */
		EC7FE0ED1C5ACB2C00A9A581 /* Debug */ = {
			isa = XCBuildConfiguration;
			buildSettings = {
				ALWAYS_SEARCH_USER_PATHS = NO;
				CLANG_CXX_LANGUAGE_STANDARD = "gnu++0x";
				CLANG_CXX_LIBRARY = "libc++";
				CLANG_ENABLE_MODULES = YES;
				CLANG_ENABLE_OBJC_ARC = YES;
				CLANG_WARN_BOOL_CONVERSION = YES;
				CLANG_WARN_CONSTANT_CONVERSION = YES;
				CLANG_WARN_DIRECT_OBJC_ISA_USAGE = YES_ERROR;
				CLANG_WARN_EMPTY_BODY = YES;
				CLANG_WARN_ENUM_CONVERSION = YES;
				CLANG_WARN_INT_CONVERSION = YES;
				CLANG_WARN_OBJC_ROOT_CLASS = YES_ERROR;
				CLANG_WARN_UNREACHABLE_CODE = YES;
				CLANG_WARN__DUPLICATE_METHOD_MATCH = YES;
				"CODE_SIGN_IDENTITY[sdk=iphoneos*]" = "iPhone Developer";
				COPY_PHASE_STRIP = NO;
				DEBUG_INFORMATION_FORMAT = dwarf;
				ENABLE_STRICT_OBJC_MSGSEND = YES;
				ENABLE_TESTABILITY = YES;
				GCC_C_LANGUAGE_STANDARD = gnu99;
				GCC_DYNAMIC_NO_PIC = NO;
				GCC_NO_COMMON_BLOCKS = YES;
				GCC_OPTIMIZATION_LEVEL = 0;
				GCC_PREPROCESSOR_DEFINITIONS = (
					"DEBUG=1",
					"$(inherited)",
				);
				GCC_WARN_64_TO_32_BIT_CONVERSION = YES;
				GCC_WARN_ABOUT_RETURN_TYPE = YES_ERROR;
				GCC_WARN_UNDECLARED_SELECTOR = YES;
				GCC_WARN_UNINITIALIZED_AUTOS = YES_AGGRESSIVE;
				GCC_WARN_UNUSED_FUNCTION = YES;
				GCC_WARN_UNUSED_VARIABLE = YES;
				IPHONEOS_DEPLOYMENT_TARGET = 9.2;
				MTL_ENABLE_DEBUG_INFO = YES;
				ONLY_ACTIVE_ARCH = YES;
				SDKROOT = iphoneos;
				SWIFT_OPTIMIZATION_LEVEL = "-Onone";
			};
			name = Debug;
		};
		EC7FE0EE1C5ACB2C00A9A581 /* Release */ = {
			isa = XCBuildConfiguration;
			buildSettings = {
				ALWAYS_SEARCH_USER_PATHS = NO;
				CLANG_CXX_LANGUAGE_STANDARD = "gnu++0x";
				CLANG_CXX_LIBRARY = "libc++";
				CLANG_ENABLE_MODULES = YES;
				CLANG_ENABLE_OBJC_ARC = YES;
				CLANG_WARN_BOOL_CONVERSION = YES;
				CLANG_WARN_CONSTANT_CONVERSION = YES;
				CLANG_WARN_DIRECT_OBJC_ISA_USAGE = YES_ERROR;
				CLANG_WARN_EMPTY_BODY = YES;
				CLANG_WARN_ENUM_CONVERSION = YES;
				CLANG_WARN_INT_CONVERSION = YES;
				CLANG_WARN_OBJC_ROOT_CLASS = YES_ERROR;
				CLANG_WARN_UNREACHABLE_CODE = YES;
				CLANG_WARN__DUPLICATE_METHOD_MATCH = YES;
				"CODE_SIGN_IDENTITY[sdk=iphoneos*]" = "iPhone Developer";
				COPY_PHASE_STRIP = NO;
				DEBUG_INFORMATION_FORMAT = "dwarf-with-dsym";
				ENABLE_NS_ASSERTIONS = NO;
				ENABLE_STRICT_OBJC_MSGSEND = YES;
				GCC_C_LANGUAGE_STANDARD = gnu99;
				GCC_NO_COMMON_BLOCKS = YES;
				GCC_WARN_64_TO_32_BIT_CONVERSION = YES;
				GCC_WARN_ABOUT_RETURN_TYPE = YES_ERROR;
				GCC_WARN_UNDECLARED_SELECTOR = YES;
				GCC_WARN_UNINITIALIZED_AUTOS = YES_AGGRESSIVE;
				GCC_WARN_UNUSED_FUNCTION = YES;
				GCC_WARN_UNUSED_VARIABLE = YES;
				IPHONEOS_DEPLOYMENT_TARGET = 9.2;
				MTL_ENABLE_DEBUG_INFO = NO;
				SDKROOT = iphoneos;
				VALIDATE_PRODUCT = YES;
			};
			name = Release;
		};
		EC7FE0F01C5ACB2C00A9A581 /* Debug */ = {
			isa = XCBuildConfiguration;
			buildSettings = {
				ASSETCATALOG_COMPILER_APPICON_NAME = AppIcon;
				INFOPLIST_FILE = Variables/Info.plist;
				LD_RUNPATH_SEARCH_PATHS = "$(inherited) @executable_path/Frameworks";
				PRODUCT_BUNDLE_IDENTIFIER = com.thawee.Variables;
				PRODUCT_NAME = "$(TARGET_NAME)";
			};
			name = Debug;
		};
		EC7FE0F11C5ACB2C00A9A581 /* Release */ = {
			isa = XCBuildConfiguration;
			buildSettings = {
				ASSETCATALOG_COMPILER_APPICON_NAME = AppIcon;
				INFOPLIST_FILE = Variables/Info.plist;
				LD_RUNPATH_SEARCH_PATHS = "$(inherited) @executable_path/Frameworks";
				PRODUCT_BUNDLE_IDENTIFIER = com.thawee.Variables;
				PRODUCT_NAME = "$(TARGET_NAME)";
			};
			name = Release;
		};
		EC7FE0F31C5ACB2C00A9A581 /* Debug */ = {
			isa = XCBuildConfiguration;
			buildSettings = {
				BUNDLE_LOADER = "$(TEST_HOST)";
				INFOPLIST_FILE = VariablesTests/Info.plist;
				LD_RUNPATH_SEARCH_PATHS = "$(inherited) @executable_path/Frameworks @loader_path/Frameworks";
				PRODUCT_BUNDLE_IDENTIFIER = com.thawee.VariablesTests;
				PRODUCT_NAME = "$(TARGET_NAME)";
				TEST_HOST = "$(BUILT_PRODUCTS_DIR)/Variables.app/Variables";
			};
			name = Debug;
		};
		EC7FE0F41C5ACB2C00A9A581 /* Release */ = {
			isa = XCBuildConfiguration;
			buildSettings = {
				BUNDLE_LOADER = "$(TEST_HOST)";
				INFOPLIST_FILE = VariablesTests/Info.plist;
				LD_RUNPATH_SEARCH_PATHS = "$(inherited) @executable_path/Frameworks @loader_path/Frameworks";
				PRODUCT_BUNDLE_IDENTIFIER = com.thawee.VariablesTests;
				PRODUCT_NAME = "$(TARGET_NAME)";
				TEST_HOST = "$(BUILT_PRODUCTS_DIR)/Variables.app/Variables";
			};
			name = Release;
		};
		EC7FE0F61C5ACB2C00A9A581 /* Debug */ = {
			isa = XCBuildConfiguration;
			buildSettings = {
				INFOPLIST_FILE = VariablesUITests/Info.plist;
				LD_RUNPATH_SEARCH_PATHS = "$(inherited) @executable_path/Frameworks @loader_path/Frameworks";
				PRODUCT_BUNDLE_IDENTIFIER = com.thawee.VariablesUITests;
				PRODUCT_NAME = "$(TARGET_NAME)";
				TEST_TARGET_NAME = Variables;
				USES_XCTRUNNER = YES;
			};
			name = Debug;
		};
		EC7FE0F71C5ACB2C00A9A581 /* Release */ = {
			isa = XCBuildConfiguration;
			buildSettings = {
				INFOPLIST_FILE = VariablesUITests/Info.plist;
				LD_RUNPATH_SEARCH_PATHS = "$(inherited) @executable_path/Frameworks @loader_path/Frameworks";
				PRODUCT_BUNDLE_IDENTIFIER = com.thawee.VariablesUITests;
				PRODUCT_NAME = "$(TARGET_NAME)";
				TEST_TARGET_NAME = Variables;
				USES_XCTRUNNER = YES;
			};
			name = Release;
		};
/* End XCBuildConfiguration section */

/* Begin XCConfigurationList section */
		EC7FE0C21C5ACB2C00A9A581 /* Build configuration list for PBXProject "Variables" */ = {
			isa = XCConfigurationList;
			buildConfigurations = (
				EC7FE0ED1C5ACB2C00A9A581 /* Debug */,
				EC7FE0EE1C5ACB2C00A9A581 /* Release */,
			);
			defaultConfigurationIsVisible = 0;
			defaultConfigurationName = Release;
		};
		EC7FE0EF1C5ACB2C00A9A581 /* Build configuration list for PBXNativeTarget "Variables" */ = {
			isa = XCConfigurationList;
			buildConfigurations = (
				EC7FE0F01C5ACB2C00A9A581 /* Debug */,
				EC7FE0F11C5ACB2C00A9A581 /* Release */,
			);
			defaultConfigurationIsVisible = 0;
		};
		EC7FE0F21C5ACB2C00A9A581 /* Build configuration list for PBXNativeTarget "VariablesTests" */ = {
			isa = XCConfigurationList;
			buildConfigurations = (
				EC7FE0F31C5ACB2C00A9A581 /* Debug */,
				EC7FE0F41C5ACB2C00A9A581 /* Release */,
			);
			defaultConfigurationIsVisible = 0;
		};
		EC7FE0F51C5ACB2C00A9A581 /* Build configuration list for PBXNativeTarget "VariablesUITests" */ = {
			isa = XCConfigurationList;
			buildConfigurations = (
				EC7FE0F61C5ACB2C00A9A581 /* Debug */,
				EC7FE0F71C5ACB2C00A9A581 /* Release */,
			);
			defaultConfigurationIsVisible = 0;
		};
/* End XCConfigurationList section */
	};
	rootObject = EC7FE0BF1C5ACB2C00A9A581 /* Project object */;
}
