// !$*UTF8*$!
{
	archiveVersion = 1;
	classes = {
	};
	objectVersion = 46;
	objects = {

/* Begin PBXBuildFile section */
		EC7FE1791C5B07AD00A9A581 /* AppDelegate.swift in Sources */ = {isa = PBXBuildFile; fileRef = EC7FE1781C5B07AD00A9A581 /* AppDelegate.swift */; };
		EC7FE17B1C5B07AD00A9A581 /* ViewController.swift in Sources */ = {isa = PBXBuildFile; fileRef = EC7FE17A1C5B07AD00A9A581 /* ViewController.swift */; };
		EC7FE17E1C5B07AD00A9A581 /* Main.storyboard in Resources */ = {isa = PBXBuildFile; fileRef = EC7FE17C1C5B07AD00A9A581 /* Main.storyboard */; };
		EC7FE1801C5B07AD00A9A581 /* Assets.xcassets in Resources */ = {isa = PBXBuildFile; fileRef = EC7FE17F1C5B07AD00A9A581 /* Assets.xcassets */; };
		EC7FE1831C5B07AD00A9A581 /* LaunchScreen.storyboard in Resources */ = {isa = PBXBuildFile; fileRef = EC7FE1811C5B07AD00A9A581 /* LaunchScreen.storyboard */; };
		EC7FE18E1C5B07AD00A9A581 /* ConditionalTests.swift in Sources */ = {isa = PBXBuildFile; fileRef = EC7FE18D1C5B07AD00A9A581 /* ConditionalTests.swift */; };
		EC7FE1991C5B07AE00A9A581 /* ConditionalUITests.swift in Sources */ = {isa = PBXBuildFile; fileRef = EC7FE1981C5B07AE00A9A581 /* ConditionalUITests.swift */; };
/* End PBXBuildFile section */

/* Begin PBXContainerItemProxy section */
		EC7FE18A1C5B07AD00A9A581 /* PBXContainerItemProxy */ = {
			isa = PBXContainerItemProxy;
			containerPortal = EC7FE16D1C5B07AD00A9A581 /* Project object */;
			proxyType = 1;
			remoteGlobalIDString = EC7FE1741C5B07AD00A9A581;
			remoteInfo = Conditional;
		};
		EC7FE1951C5B07AE00A9A581 /* PBXContainerItemProxy */ = {
			isa = PBXContainerItemProxy;
			containerPortal = EC7FE16D1C5B07AD00A9A581 /* Project object */;
			proxyType = 1;
			remoteGlobalIDString = EC7FE1741C5B07AD00A9A581;
			remoteInfo = Conditional;
		};
/* End PBXContainerItemProxy section */

/* Begin PBXFileReference section */
		EC7FE1751C5B07AD00A9A581 /* Conditional.app */ = {isa = PBXFileReference; explicitFileType = wrapper.application; includeInIndex = 0; path = Conditional.app; sourceTree = BUILT_PRODUCTS_DIR; };
		EC7FE1781C5B07AD00A9A581 /* AppDelegate.swift */ = {isa = PBXFileReference; lastKnownFileType = sourcecode.swift; path = AppDelegate.swift; sourceTree = "<group>"; };
		EC7FE17A1C5B07AD00A9A581 /* ViewController.swift */ = {isa = PBXFileReference; lastKnownFileType = sourcecode.swift; path = ViewController.swift; sourceTree = "<group>"; };
		EC7FE17D1C5B07AD00A9A581 /* Base */ = {isa = PBXFileReference; lastKnownFileType = file.storyboard; name = Base; path = Base.lproj/Main.storyboard; sourceTree = "<group>"; };
		EC7FE17F1C5B07AD00A9A581 /* Assets.xcassets */ = {isa = PBXFileReference; lastKnownFileType = folder.assetcatalog; path = Assets.xcassets; sourceTree = "<group>"; };
		EC7FE1821C5B07AD00A9A581 /* Base */ = {isa = PBXFileReference; lastKnownFileType = file.storyboard; name = Base; path = Base.lproj/LaunchScreen.storyboard; sourceTree = "<group>"; };
		EC7FE1841C5B07AD00A9A581 /* Info.plist */ = {isa = PBXFileReference; lastKnownFileType = text.plist.xml; path = Info.plist; sourceTree = "<group>"; };
		EC7FE1891C5B07AD00A9A581 /* ConditionalTests.xctest */ = {isa = PBXFileReference; explicitFileType = wrapper.cfbundle; includeInIndex = 0; path = ConditionalTests.xctest; sourceTree = BUILT_PRODUCTS_DIR; };
		EC7FE18D1C5B07AD00A9A581 /* ConditionalTests.swift */ = {isa = PBXFileReference; lastKnownFileType = sourcecode.swift; path = ConditionalTests.swift; sourceTree = "<group>"; };
		EC7FE18F1C5B07AD00A9A581 /* Info.plist */ = {isa = PBXFileReference; lastKnownFileType = text.plist.xml; path = Info.plist; sourceTree = "<group>"; };
		EC7FE1941C5B07AE00A9A581 /* ConditionalUITests.xctest */ = {isa = PBXFileReference; explicitFileType = wrapper.cfbundle; includeInIndex = 0; path = ConditionalUITests.xctest; sourceTree = BUILT_PRODUCTS_DIR; };
		EC7FE1981C5B07AE00A9A581 /* ConditionalUITests.swift */ = {isa = PBXFileReference; lastKnownFileType = sourcecode.swift; path = ConditionalUITests.swift; sourceTree = "<group>"; };
		EC7FE19A1C5B07AE00A9A581 /* Info.plist */ = {isa = PBXFileReference; lastKnownFileType = text.plist.xml; path = Info.plist; sourceTree = "<group>"; };
/* End PBXFileReference section */

/* Begin PBXFrameworksBuildPhase section */
		EC7FE1721C5B07AD00A9A581 /* Frameworks */ = {
			isa = PBXFrameworksBuildPhase;
			buildActionMask = 2147483647;
			files = (
			);
			runOnlyForDeploymentPostprocessing = 0;
		};
		EC7FE1861C5B07AD00A9A581 /* Frameworks */ = {
			isa = PBXFrameworksBuildPhase;
			buildActionMask = 2147483647;
			files = (
			);
			runOnlyForDeploymentPostprocessing = 0;
		};
		EC7FE1911C5B07AE00A9A581 /* Frameworks */ = {
			isa = PBXFrameworksBuildPhase;
			buildActionMask = 2147483647;
			files = (
			);
			runOnlyForDeploymentPostprocessing = 0;
		};
/* End PBXFrameworksBuildPhase section */

/* Begin PBXGroup section */
		EC7FE16C1C5B07AD00A9A581 = {
			isa = PBXGroup;
			children = (
				EC7FE1771C5B07AD00A9A581 /* Conditional */,
				EC7FE18C1C5B07AD00A9A581 /* ConditionalTests */,
				EC7FE1971C5B07AE00A9A581 /* ConditionalUITests */,
				EC7FE1761C5B07AD00A9A581 /* Products */,
			);
			sourceTree = "<group>";
		};
		EC7FE1761C5B07AD00A9A581 /* Products */ = {
			isa = PBXGroup;
			children = (
				EC7FE1751C5B07AD00A9A581 /* Conditional.app */,
				EC7FE1891C5B07AD00A9A581 /* ConditionalTests.xctest */,
				EC7FE1941C5B07AE00A9A581 /* ConditionalUITests.xctest */,
			);
			name = Products;
			sourceTree = "<group>";
		};
		EC7FE1771C5B07AD00A9A581 /* Conditional */ = {
			isa = PBXGroup;
			children = (
				EC7FE1781C5B07AD00A9A581 /* AppDelegate.swift */,
				EC7FE17A1C5B07AD00A9A581 /* ViewController.swift */,
				EC7FE17C1C5B07AD00A9A581 /* Main.storyboard */,
				EC7FE17F1C5B07AD00A9A581 /* Assets.xcassets */,
				EC7FE1811C5B07AD00A9A581 /* LaunchScreen.storyboard */,
				EC7FE1841C5B07AD00A9A581 /* Info.plist */,
			);
			path = Conditional;
			sourceTree = "<group>";
		};
		EC7FE18C1C5B07AD00A9A581 /* ConditionalTests */ = {
			isa = PBXGroup;
			children = (
				EC7FE18D1C5B07AD00A9A581 /* ConditionalTests.swift */,
				EC7FE18F1C5B07AD00A9A581 /* Info.plist */,
			);
			path = ConditionalTests;
			sourceTree = "<group>";
		};
		EC7FE1971C5B07AE00A9A581 /* ConditionalUITests */ = {
			isa = PBXGroup;
			children = (
				EC7FE1981C5B07AE00A9A581 /* ConditionalUITests.swift */,
				EC7FE19A1C5B07AE00A9A581 /* Info.plist */,
			);
			path = ConditionalUITests;
			sourceTree = "<group>";
		};
/* End PBXGroup section */

/* Begin PBXNativeTarget section */
		EC7FE1741C5B07AD00A9A581 /* Conditional */ = {
			isa = PBXNativeTarget;
			buildConfigurationList = EC7FE19D1C5B07AE00A9A581 /* Build configuration list for PBXNativeTarget "Conditional" */;
			buildPhases = (
				EC7FE1711C5B07AD00A9A581 /* Sources */,
				EC7FE1721C5B07AD00A9A581 /* Frameworks */,
				EC7FE1731C5B07AD00A9A581 /* Resources */,
			);
			buildRules = (
			);
			dependencies = (
			);
			name = Conditional;
			productName = Conditional;
			productReference = EC7FE1751C5B07AD00A9A581 /* Conditional.app */;
			productType = "com.apple.product-type.application";
		};
		EC7FE1881C5B07AD00A9A581 /* ConditionalTests */ = {
			isa = PBXNativeTarget;
			buildConfigurationList = EC7FE1A01C5B07AE00A9A581 /* Build configuration list for PBXNativeTarget "ConditionalTests" */;
			buildPhases = (
				EC7FE1851C5B07AD00A9A581 /* Sources */,
				EC7FE1861C5B07AD00A9A581 /* Frameworks */,
				EC7FE1871C5B07AD00A9A581 /* Resources */,
			);
			buildRules = (
			);
			dependencies = (
				EC7FE18B1C5B07AD00A9A581 /* PBXTargetDependency */,
			);
			name = ConditionalTests;
			productName = ConditionalTests;
			productReference = EC7FE1891C5B07AD00A9A581 /* ConditionalTests.xctest */;
			productType = "com.apple.product-type.bundle.unit-test";
		};
		EC7FE1931C5B07AE00A9A581 /* ConditionalUITests */ = {
			isa = PBXNativeTarget;
			buildConfigurationList = EC7FE1A31C5B07AE00A9A581 /* Build configuration list for PBXNativeTarget "ConditionalUITests" */;
			buildPhases = (
				EC7FE1901C5B07AE00A9A581 /* Sources */,
				EC7FE1911C5B07AE00A9A581 /* Frameworks */,
				EC7FE1921C5B07AE00A9A581 /* Resources */,
			);
			buildRules = (
			);
			dependencies = (
				EC7FE1961C5B07AE00A9A581 /* PBXTargetDependency */,
			);
			name = ConditionalUITests;
			productName = ConditionalUITests;
			productReference = EC7FE1941C5B07AE00A9A581 /* ConditionalUITests.xctest */;
			productType = "com.apple.product-type.bundle.ui-testing";
		};
/* End PBXNativeTarget section */

/* Begin PBXProject section */
		EC7FE16D1C5B07AD00A9A581 /* Project object */ = {
			isa = PBXProject;
			attributes = {
				LastSwiftUpdateCheck = 0720;
				LastUpgradeCheck = 0720;
				ORGANIZATIONNAME = "Thawee Techathamnukool";
				TargetAttributes = {
					EC7FE1741C5B07AD00A9A581 = {
						CreatedOnToolsVersion = 7.2;
					};
					EC7FE1881C5B07AD00A9A581 = {
						CreatedOnToolsVersion = 7.2;
						TestTargetID = EC7FE1741C5B07AD00A9A581;
					};
					EC7FE1931C5B07AE00A9A581 = {
						CreatedOnToolsVersion = 7.2;
						TestTargetID = EC7FE1741C5B07AD00A9A581;
					};
				};
			};
			buildConfigurationList = EC7FE1701C5B07AD00A9A581 /* Build configuration list for PBXProject "Conditional" */;
			compatibilityVersion = "Xcode 3.2";
			developmentRegion = English;
			hasScannedForEncodings = 0;
			knownRegions = (
				en,
				Base,
			);
			mainGroup = EC7FE16C1C5B07AD00A9A581;
			productRefGroup = EC7FE1761C5B07AD00A9A581 /* Products */;
			projectDirPath = "";
			projectRoot = "";
			targets = (
				EC7FE1741C5B07AD00A9A581 /* Conditional */,
				EC7FE1881C5B07AD00A9A581 /* ConditionalTests */,
				EC7FE1931C5B07AE00A9A581 /* ConditionalUITests */,
			);
		};
/* End PBXProject section */

/* Begin PBXResourcesBuildPhase section */
		EC7FE1731C5B07AD00A9A581 /* Resources */ = {
			isa = PBXResourcesBuildPhase;
			buildActionMask = 2147483647;
			files = (
				EC7FE1831C5B07AD00A9A581 /* LaunchScreen.storyboard in Resources */,
				EC7FE1801C5B07AD00A9A581 /* Assets.xcassets in Resources */,
				EC7FE17E1C5B07AD00A9A581 /* Main.storyboard in Resources */,
			);
			runOnlyForDeploymentPostprocessing = 0;
		};
		EC7FE1871C5B07AD00A9A581 /* Resources */ = {
			isa = PBXResourcesBuildPhase;
			buildActionMask = 2147483647;
			files = (
			);
			runOnlyForDeploymentPostprocessing = 0;
		};
		EC7FE1921C5B07AE00A9A581 /* Resources */ = {
			isa = PBXResourcesBuildPhase;
			buildActionMask = 2147483647;
			files = (
			);
			runOnlyForDeploymentPostprocessing = 0;
		};
/* End PBXResourcesBuildPhase section */

/* Begin PBXSourcesBuildPhase section */
		EC7FE1711C5B07AD00A9A581 /* Sources */ = {
			isa = PBXSourcesBuildPhase;
			buildActionMask = 2147483647;
			files = (
				EC7FE17B1C5B07AD00A9A581 /* ViewController.swift in Sources */,
				EC7FE1791C5B07AD00A9A581 /* AppDelegate.swift in Sources */,
			);
			runOnlyForDeploymentPostprocessing = 0;
		};
		EC7FE1851C5B07AD00A9A581 /* Sources */ = {
			isa = PBXSourcesBuildPhase;
			buildActionMask = 2147483647;
			files = (
				EC7FE18E1C5B07AD00A9A581 /* ConditionalTests.swift in Sources */,
			);
			runOnlyForDeploymentPostprocessing = 0;
		};
		EC7FE1901C5B07AE00A9A581 /* Sources */ = {
			isa = PBXSourcesBuildPhase;
			buildActionMask = 2147483647;
			files = (
				EC7FE1991C5B07AE00A9A581 /* ConditionalUITests.swift in Sources */,
			);
			runOnlyForDeploymentPostprocessing = 0;
		};
/* End PBXSourcesBuildPhase section */

/* Begin PBXTargetDependency section */
		EC7FE18B1C5B07AD00A9A581 /* PBXTargetDependency */ = {
			isa = PBXTargetDependency;
			target = EC7FE1741C5B07AD00A9A581 /* Conditional */;
			targetProxy = EC7FE18A1C5B07AD00A9A581 /* PBXContainerItemProxy */;
		};
		EC7FE1961C5B07AE00A9A581 /* PBXTargetDependency */ = {
			isa = PBXTargetDependency;
			target = EC7FE1741C5B07AD00A9A581 /* Conditional */;
			targetProxy = EC7FE1951C5B07AE00A9A581 /* PBXContainerItemProxy */;
		};
/* End PBXTargetDependency section */

/* Begin PBXVariantGroup section */
		EC7FE17C1C5B07AD00A9A581 /* Main.storyboard */ = {
			isa = PBXVariantGroup;
			children = (
				EC7FE17D1C5B07AD00A9A581 /* Base */,
			);
			name = Main.storyboard;
			sourceTree = "<group>";
		};
		EC7FE1811C5B07AD00A9A581 /* LaunchScreen.storyboard */ = {
			isa = PBXVariantGroup;
			children = (
				EC7FE1821C5B07AD00A9A581 /* Base */,
			);
			name = LaunchScreen.storyboard;
			sourceTree = "<group>";
		};
/* End PBXVariantGroup section */

/* Begin XCBuildConfiguration section */
		EC7FE19B1C5B07AE00A9A581 /* Debug */ = {
			isa = XCBuildConfiguration;
			buildSettings = {
				ALWAYS_SEARCH_USER_PATHS = NO;
				CLANG_CXX_LANGUAGE_STANDARD = "gnu++0x";
				CLANG_CXX_LIBRARY = "libc++";
				CLANG_ENABLE_MODULES = YES;
				CLANG_ENABLE_OBJC_ARC = YES;
				CLANG_WARN_BOOL_CONVERSION = YES;
				CLANG_WARN_CONSTANT_CONVERSION = YES;
				CLANG_WARN_DIRECT_OBJC_ISA_USAGE = YES_ERROR;
				CLANG_WARN_EMPTY_BODY = YES;
				CLANG_WARN_ENUM_CONVERSION = YES;
				CLANG_WARN_INT_CONVERSION = YES;
				CLANG_WARN_OBJC_ROOT_CLASS = YES_ERROR;
				CLANG_WARN_UNREACHABLE_CODE = YES;
				CLANG_WARN__DUPLICATE_METHOD_MATCH = YES;
				"CODE_SIGN_IDENTITY[sdk=iphoneos*]" = "iPhone Developer";
				COPY_PHASE_STRIP = NO;
				DEBUG_INFORMATION_FORMAT = dwarf;
				ENABLE_STRICT_OBJC_MSGSEND = YES;
				ENABLE_TESTABILITY = YES;
				GCC_C_LANGUAGE_STANDARD = gnu99;
				GCC_DYNAMIC_NO_PIC = NO;
				GCC_NO_COMMON_BLOCKS = YES;
				GCC_OPTIMIZATION_LEVEL = 0;
				GCC_PREPROCESSOR_DEFINITIONS = (
					"DEBUG=1",
					"$(inherited)",
				);
				GCC_WARN_64_TO_32_BIT_CONVERSION = YES;
				GCC_WARN_ABOUT_RETURN_TYPE = YES_ERROR;
				GCC_WARN_UNDECLARED_SELECTOR = YES;
				GCC_WARN_UNINITIALIZED_AUTOS = YES_AGGRESSIVE;
				GCC_WARN_UNUSED_FUNCTION = YES;
				GCC_WARN_UNUSED_VARIABLE = YES;
				IPHONEOS_DEPLOYMENT_TARGET = 9.2;
				MTL_ENABLE_DEBUG_INFO = YES;
				ONLY_ACTIVE_ARCH = YES;
				SDKROOT = iphoneos;
				SWIFT_OPTIMIZATION_LEVEL = "-Onone";
			};
			name = Debug;
		};
		EC7FE19C1C5B07AE00A9A581 /* Release */ = {
			isa = XCBuildConfiguration;
			buildSettings = {
				ALWAYS_SEARCH_USER_PATHS = NO;
				CLANG_CXX_LANGUAGE_STANDARD = "gnu++0x";
				CLANG_CXX_LIBRARY = "libc++";
				CLANG_ENABLE_MODULES = YES;
				CLANG_ENABLE_OBJC_ARC = YES;
				CLANG_WARN_BOOL_CONVERSION = YES;
				CLANG_WARN_CONSTANT_CONVERSION = YES;
				CLANG_WARN_DIRECT_OBJC_ISA_USAGE = YES_ERROR;
				CLANG_WARN_EMPTY_BODY = YES;
				CLANG_WARN_ENUM_CONVERSION = YES;
				CLANG_WARN_INT_CONVERSION = YES;
				CLANG_WARN_OBJC_ROOT_CLASS = YES_ERROR;
				CLANG_WARN_UNREACHABLE_CODE = YES;
				CLANG_WARN__DUPLICATE_METHOD_MATCH = YES;
				"CODE_SIGN_IDENTITY[sdk=iphoneos*]" = "iPhone Developer";
				COPY_PHASE_STRIP = NO;
				DEBUG_INFORMATION_FORMAT = "dwarf-with-dsym";
				ENABLE_NS_ASSERTIONS = NO;
				ENABLE_STRICT_OBJC_MSGSEND = YES;
				GCC_C_LANGUAGE_STANDARD = gnu99;
				GCC_NO_COMMON_BLOCKS = YES;
				GCC_WARN_64_TO_32_BIT_CONVERSION = YES;
				GCC_WARN_ABOUT_RETURN_TYPE = YES_ERROR;
				GCC_WARN_UNDECLARED_SELECTOR = YES;
				GCC_WARN_UNINITIALIZED_AUTOS = YES_AGGRESSIVE;
				GCC_WARN_UNUSED_FUNCTION = YES;
				GCC_WARN_UNUSED_VARIABLE = YES;
				IPHONEOS_DEPLOYMENT_TARGET = 9.2;
				MTL_ENABLE_DEBUG_INFO = NO;
				SDKROOT = iphoneos;
				VALIDATE_PRODUCT = YES;
			};
			name = Release;
		};
		EC7FE19E1C5B07AE00A9A581 /* Debug */ = {
			isa = XCBuildConfiguration;
			buildSettings = {
				ASSETCATALOG_COMPILER_APPICON_NAME = AppIcon;
				INFOPLIST_FILE = Conditional/Info.plist;
				LD_RUNPATH_SEARCH_PATHS = "$(inherited) @executable_path/Frameworks";
				PRODUCT_BUNDLE_IDENTIFIER = com.thawee.Conditional;
				PRODUCT_NAME = "$(TARGET_NAME)";
			};
			name = Debug;
		};
		EC7FE19F1C5B07AE00A9A581 /* Release */ = {
			isa = XCBuildConfiguration;
			buildSettings = {
				ASSETCATALOG_COMPILER_APPICON_NAME = AppIcon;
				INFOPLIST_FILE = Conditional/Info.plist;
				LD_RUNPATH_SEARCH_PATHS = "$(inherited) @executable_path/Frameworks";
				PRODUCT_BUNDLE_IDENTIFIER = com.thawee.Conditional;
				PRODUCT_NAME = "$(TARGET_NAME)";
			};
			name = Release;
		};
		EC7FE1A11C5B07AE00A9A581 /* Debug */ = {
			isa = XCBuildConfiguration;
			buildSettings = {
				BUNDLE_LOADER = "$(TEST_HOST)";
				INFOPLIST_FILE = ConditionalTests/Info.plist;
				LD_RUNPATH_SEARCH_PATHS = "$(inherited) @executable_path/Frameworks @loader_path/Frameworks";
				PRODUCT_BUNDLE_IDENTIFIER = com.thawee.ConditionalTests;
				PRODUCT_NAME = "$(TARGET_NAME)";
				TEST_HOST = "$(BUILT_PRODUCTS_DIR)/Conditional.app/Conditional";
			};
			name = Debug;
		};
		EC7FE1A21C5B07AE00A9A581 /* Release */ = {
			isa = XCBuildConfiguration;
			buildSettings = {
				BUNDLE_LOADER = "$(TEST_HOST)";
				INFOPLIST_FILE = ConditionalTests/Info.plist;
				LD_RUNPATH_SEARCH_PATHS = "$(inherited) @executable_path/Frameworks @loader_path/Frameworks";
				PRODUCT_BUNDLE_IDENTIFIER = com.thawee.ConditionalTests;
				PRODUCT_NAME = "$(TARGET_NAME)";
				TEST_HOST = "$(BUILT_PRODUCTS_DIR)/Conditional.app/Conditional";
			};
			name = Release;
		};
		EC7FE1A41C5B07AE00A9A581 /* Debug */ = {
			isa = XCBuildConfiguration;
			buildSettings = {
				INFOPLIST_FILE = ConditionalUITests/Info.plist;
				LD_RUNPATH_SEARCH_PATHS = "$(inherited) @executable_path/Frameworks @loader_path/Frameworks";
				PRODUCT_BUNDLE_IDENTIFIER = com.thawee.ConditionalUITests;
				PRODUCT_NAME = "$(TARGET_NAME)";
				TEST_TARGET_NAME = Conditional;
				USES_XCTRUNNER = YES;
			};
			name = Debug;
		};
		EC7FE1A51C5B07AE00A9A581 /* Release */ = {
			isa = XCBuildConfiguration;
			buildSettings = {
				INFOPLIST_FILE = ConditionalUITests/Info.plist;
				LD_RUNPATH_SEARCH_PATHS = "$(inherited) @executable_path/Frameworks @loader_path/Frameworks";
				PRODUCT_BUNDLE_IDENTIFIER = com.thawee.ConditionalUITests;
				PRODUCT_NAME = "$(TARGET_NAME)";
				TEST_TARGET_NAME = Conditional;
				USES_XCTRUNNER = YES;
			};
			name = Release;
		};
/* End XCBuildConfiguration section */

/* Begin XCConfigurationList section */
		EC7FE1701C5B07AD00A9A581 /* Build configuration list for PBXProject "Conditional" */ = {
			isa = XCConfigurationList;
			buildConfigurations = (
				EC7FE19B1C5B07AE00A9A581 /* Debug */,
				EC7FE19C1C5B07AE00A9A581 /* Release */,
			);
			defaultConfigurationIsVisible = 0;
			defaultConfigurationName = Release;
		};
		EC7FE19D1C5B07AE00A9A581 /* Build configuration list for PBXNativeTarget "Conditional" */ = {
			isa = XCConfigurationList;
			buildConfigurations = (
				EC7FE19E1C5B07AE00A9A581 /* Debug */,
				EC7FE19F1C5B07AE00A9A581 /* Release */,
			);
			defaultConfigurationIsVisible = 0;
		};
		EC7FE1A01C5B07AE00A9A581 /* Build configuration list for PBXNativeTarget "ConditionalTests" */ = {
			isa = XCConfigurationList;
			buildConfigurations = (
				EC7FE1A11C5B07AE00A9A581 /* Debug */,
				EC7FE1A21C5B07AE00A9A581 /* Release */,
			);
			defaultConfigurationIsVisible = 0;
		};
		EC7FE1A31C5B07AE00A9A581 /* Build configuration list for PBXNativeTarget "ConditionalUITests" */ = {
			isa = XCConfigurationList;
			buildConfigurations = (
				EC7FE1A41C5B07AE00A9A581 /* Debug */,
				EC7FE1A51C5B07AE00A9A581 /* Release */,
			);
			defaultConfigurationIsVisible = 0;
		};
/* End XCConfigurationList section */
	};
	rootObject = EC7FE16D1C5B07AD00A9A581 /* Project object */;
}
